
Microsoft Visual Studio Solution File, Format Version 12.00
# Visual Studio Version 17
VisualStudioVersion = 17.7.34202.233
MinimumVisualStudioVersion = 10.0.40219.1
Project("{9A19103F-16F7-4668-BE54-9A1E7A4F7556}") = "DataAccess", "DataAccess\DataAccess.csproj", "{3A335F18-072C-456D-81E2-CF4BE7870E66}"
EndProject
Project("{9A19103F-16F7-4668-BE54-9A1E7A4F7556}") = "Business", "Business\Business.csproj", "{4AC224D2-64C3-4676-9292-5D411D257B55}"
EndProject
Project("{9A19103F-16F7-4668-BE54-9A1E7A4F7556}") = "Entities", "Entities\Entities.csproj", "{0C3A785F-B1A6-42A9-A66B-933BFF9598A8}"
EndProject
Project("{9A19103F-16F7-4668-BE54-9A1E7A4F7556}") = "ConsoleUI", "ConsoleUI\ConsoleUI.csproj", "{E566F51C-16C1-4117-B7D2-083A4F434668}"
EndProject
Project("{9A19103F-16F7-4668-BE54-9A1E7A4F7556}") = "Core", "Core\Core.csproj", "{A062A000-6A26-484E-AEA9-461455F5C178}"
EndProject
Project("{FAE04EC0-301F-11D3-BF4B-00C04F79EFBC}") = "WebAPI", "WebAPI\WebAPI.csproj", "{5B2D87D4-42DB-417B-870D-31E5B67A1ADF}"
EndProject
Global
	GlobalSection(SolutionConfigurationPlatforms) = preSolution
		Debug|Any CPU = Debug|Any CPU
		Release|Any CPU = Release|Any CPU
	EndGlobalSection
	GlobalSection(ProjectConfigurationPlatforms) = postSolution
		{3A335F18-072C-456D-81E2-CF4BE7870E66}.Debug|Any CPU.ActiveCfg = Debug|Any CPU
		{3A335F18-072C-456D-81E2-CF4BE7870E66}.Debug|Any CPU.Build.0 = Debug|Any CPU
		{3A335F18-072C-456D-81E2-CF4BE7870E66}.Release|Any CPU.ActiveCfg = Release|Any CPU
		{3A335F18-072C-456D-81E2-CF4BE7870E66}.Release|Any CPU.Build.0 = Release|Any CPU
		{4AC224D2-64C3-4676-9292-5D411D257B55}.Debug|Any CPU.ActiveCfg = Debug|Any CPU
		{4AC224D2-64C3-4676-9292-5D411D257B55}.Debug|Any CPU.Build.0 = Debug|Any CPU
		{4AC224D2-64C3-4676-9292-5D411D257B55}.Release|Any CPU.ActiveCfg = Release|Any CPU
		{4AC224D2-64C3-4676-9292-5D411D257B55}.Release|Any CPU.Build.0 = Release|Any CPU
		{0C3A785F-B1A6-42A9-A66B-933BFF9598A8}.Debug|Any CPU.ActiveCfg = Debug|Any CPU
		{0C3A785F-B1A6-42A9-A66B-933BFF9598A8}.Debug|Any CPU.Build.0 = Debug|Any CPU
		{0C3A785F-B1A6-42A9-A66B-933BFF9598A8}.Release|Any CPU.ActiveCfg = Release|Any CPU
		{0C3A785F-B1A6-42A9-A66B-933BFF9598A8}.Release|Any CPU.Build.0 = Release|Any CPU
		{E566F51C-16C1-4117-B7D2-083A4F434668}.Debug|Any CPU.ActiveCfg = Debug|Any CPU
		{E566F51C-16C1-4117-B7D2-083A4F434668}.Debug|Any CPU.Build.0 = Debug|Any CPU
		{E566F51C-16C1-4117-B7D2-083A4F434668}.Release|Any CPU.ActiveCfg = Release|Any CPU
		{E566F51C-16C1-4117-B7D2-083A4F434668}.Release|Any CPU.Build.0 = Release|Any CPU
		{A062A000-6A26-484E-AEA9-461455F5C178}.Debug|Any CPU.ActiveCfg = Debug|Any CPU
		{A062A000-6A26-484E-AEA9-461455F5C178}.Debug|Any CPU.Build.0 = Debug|Any CPU
		{A062A000-6A26-484E-AEA9-461455F5C178}.Release|Any CPU.ActiveCfg = Release|Any CPU
		{A062A000-6A26-484E-AEA9-461455F5C178}.Release|Any CPU.Build.0 = Release|Any CPU
		{5B2D87D4-42DB-417B-870D-31E5B67A1ADF}.Debug|Any CPU.ActiveCfg = Debug|Any CPU
		{5B2D87D4-42DB-417B-870D-31E5B67A1ADF}.Debug|Any CPU.Build.0 = Debug|Any CPU
		{5B2D87D4-42DB-417B-870D-31E5B67A1ADF}.Release|Any CPU.ActiveCfg = Release|Any CPU
		{5B2D87D4-42DB-417B-870D-31E5B67A1ADF}.Release|Any CPU.Build.0 = Release|Any CPU
	EndGlobalSection
	GlobalSection(SolutionProperties) = preSolution
		HideSolutionNode = FALSE
	EndGlobalSection
	GlobalSection(ExtensibilityGlobals) = postSolution
		SolutionGuid = {876DB867-D72E-4362-947E-F58E0EAF9B6B}
	EndGlobalSection
EndGlobal
